
Microsoft Visual Studio Solution File, Format Version 12.00
# Visual Studio Version 16
VisualStudioVersion = 16.0.30114.105
MinimumVisualStudioVersion = 10.0.40219.1
Project("{9A19103F-16F7-4668-BE54-9A1E7A4F7556}") = "SantaCRM", "SantaCRM\SantaCRM.csproj", "{47C9A342-86F6-43AC-B9C1-1623D3A5FBC8}"
EndProject
Global
	GlobalSection(SolutionConfigurationPlatforms) = preSolution
		Debug|Any CPU = Debug|Any CPU
		Release|Any CPU = Release|Any CPU
	EndGlobalSection
	GlobalSection(ProjectConfigurationPlatforms) = postSolution
		{47C9A342-86F6-43AC-B9C1-1623D3A5FBC8}.Debug|Any CPU.ActiveCfg = Debug|Any CPU
		{47C9A342-86F6-43AC-B9C1-1623D3A5FBC8}.Debug|Any CPU.Build.0 = Debug|Any CPU
		{47C9A342-86F6-43AC-B9C1-1623D3A5FBC8}.Release|Any CPU.ActiveCfg = Release|Any CPU
		{47C9A342-86F6-43AC-B9C1-1623D3A5FBC8}.Release|Any CPU.Build.0 = Release|Any CPU
	EndGlobalSection
	GlobalSection(SolutionProperties) = preSolution
		HideSolutionNode = FALSE
	EndGlobalSection
	GlobalSection(ExtensibilityGlobals) = postSolution
		SolutionGuid = {90E78630-3ADC-4C48-BB56-4F0E10FE333F}
	EndGlobalSection
EndGlobal
